// !$*UTF8*$!
{
	archiveVersion = 1;
	classes = {
	};
	objectVersion = 45;
	objects = {

/* Begin PBXBuildFile section */
		1D60589B0D05DD56006BFB54 /* main.m in Sources */ = {isa = PBXBuildFile; fileRef = 29B97316FDCFA39411CA2CEA /* main.m */; };
		1D60589F0D05DD5A006BFB54 /* Foundation.framework in Frameworks */ = {isa = PBXBuildFile; fileRef = 1D30AB110D05D00D00671497 /* Foundation.framework */; };
		1DF5F4E00D08C38300B7A737 /* UIKit.framework in Frameworks */ = {isa = PBXBuildFile; fileRef = 1DF5F4DF0D08C38300B7A737 /* UIKit.framework */; };
		288765FD0DF74451002DB57D /* CoreGraphics.framework in Frameworks */ = {isa = PBXBuildFile; fileRef = 288765FC0DF74451002DB57D /* CoreGraphics.framework */; };
		2893B14B114EFD4D0094356F /* ViewController.m in Sources */ = {isa = PBXBuildFile; fileRef = 2893B14A114EFD4D0094356F /* ViewController.m */; };
		2893B14F114EFD5B0094356F /* ReadMe.txt in Resources */ = {isa = PBXBuildFile; fileRef = 2893B14E114EFD5B0094356F /* ReadMe.txt */; };
		53D3DE9211763723002FCB6E /* AccessoryView.xib in Resources */ = {isa = PBXBuildFile; fileRef = 53D3DE8C11763723002FCB6E /* AccessoryView.xib */; };
		53D3DE9311763723002FCB6E /* MainWindow.xib in Resources */ = {isa = PBXBuildFile; fileRef = 53D3DE8E11763723002FCB6E /* MainWindow.xib */; };
		53D3DE9411763723002FCB6E /* ViewController.xib in Resources */ = {isa = PBXBuildFile; fileRef = 53D3DE9011763723002FCB6E /* ViewController.xib */; };
		856FACCA128E0D3D00BF9257 /* Default-Landscape.png in Resources */ = {isa = PBXBuildFile; fileRef = 856FACBF128E0D3D00BF9257 /* Default-Landscape.png */; };
		856FACCB128E0D3D00BF9257 /* Default-Portrait.png in Resources */ = {isa = PBXBuildFile; fileRef = 856FACC0128E0D3D00BF9257 /* Default-Portrait.png */; };
		856FACCC128E0D3D00BF9257 /* Default.png in Resources */ = {isa = PBXBuildFile; fileRef = 856FACC1128E0D3D00BF9257 /* Default.png */; };
		856FACCD128E0D3D00BF9257 /* Default@2x.png in Resources */ = {isa = PBXBuildFile; fileRef = 856FACC2128E0D3D00BF9257 /* Default@2x.png */; };
		856FACCE128E0D3D00BF9257 /* Icon-72.png in Resources */ = {isa = PBXBuildFile; fileRef = 856FACC3128E0D3D00BF9257 /* Icon-72.png */; };
		856FACCF128E0D3D00BF9257 /* Icon-Small-50.png in Resources */ = {isa = PBXBuildFile; fileRef = 856FACC4128E0D3D00BF9257 /* Icon-Small-50.png */; };
		856FACD0128E0D3D00BF9257 /* Icon-Small.png in Resources */ = {isa = PBXBuildFile; fileRef = 856FACC5128E0D3D00BF9257 /* Icon-Small.png */; };
		856FACD1128E0D3D00BF9257 /* Icon-Small@2x.png in Resources */ = {isa = PBXBuildFile; fileRef = 856FACC6128E0D3D00BF9257 /* Icon-Small@2x.png */; };
		856FACD2128E0D3D00BF9257 /* Icon.png in Resources */ = {isa = PBXBuildFile; fileRef = 856FACC7128E0D3D00BF9257 /* Icon.png */; };
		856FACD3128E0D3D00BF9257 /* Icon@2x.png in Resources */ = {isa = PBXBuildFile; fileRef = 856FACC8128E0D3D00BF9257 /* Icon@2x.png */; };
		856FACD4128E0D3D00BF9257 /* iTunesArtwork in Resources */ = {isa = PBXBuildFile; fileRef = 856FACC9128E0D3D00BF9257 /* iTunesArtwork */; };
		856FACE1128E0DD900BF9257 /* Settings.bundle in Resources */ = {isa = PBXBuildFile; fileRef = 856FACE0128E0DD900BF9257 /* Settings.bundle */; };
		857AC23512A418DC003CBD09 /* DetailViewController_iPhone.m in Sources */ = {isa = PBXBuildFile; fileRef = 857AC23412A418DC003CBD09 /* DetailViewController_iPhone.m */; };
		859711C7129069DC006D5710 /* DetailViewController_iPad.m in Sources */ = {isa = PBXBuildFile; fileRef = 859711C6129069DC006D5710 /* DetailViewController_iPad.m */; };
		859711CA129069E6006D5710 /* DetailViewController.m in Sources */ = {isa = PBXBuildFile; fileRef = 859711C9129069E6006D5710 /* DetailViewController.m */; };
		85A3497F12B44AB1009CDD7C /* Localizable.strings in Resources */ = {isa = PBXBuildFile; fileRef = 85A3497D12B44AB1009CDD7C /* Localizable.strings */; };
		85B49D65128E16670037647E /* AppDelegate.m in Sources */ = {isa = PBXBuildFile; fileRef = 85B49D64128E16670037647E /* AppDelegate.m */; };
		85D4D9C7128F6DA60093DF2A /* NoteListViewController.xib in Resources */ = {isa = PBXBuildFile; fileRef = 85D4D9C5128F6DA60093DF2A /* NoteListViewController.xib */; };
		85D4D9D2128F6E1B0093DF2A /* ContentController_iPad.m in Sources */ = {isa = PBXBuildFile; fileRef = 85D4D9CA128F6E1B0093DF2A /* ContentController_iPad.m */; };
		85D4D9D5128F6E1B0093DF2A /* NoteListViewController.m in Sources */ = {isa = PBXBuildFile; fileRef = 85D4D9D1128F6E1B0093DF2A /* NoteListViewController.m */; };
		85D4D9FD128F76D20093DF2A /* ContentController.m in Sources */ = {isa = PBXBuildFile; fileRef = 85D4D9FC128F76D20093DF2A /* ContentController.m */; };
		85D7C92812B58F0700AD1373 /* Detail_iPhone.xib in Resources */ = {isa = PBXBuildFile; fileRef = 85D7C92612B58F0700AD1373 /* Detail_iPhone.xib */; };
		85D8A07E128EFB00000BA8A4 /* Content_iPad.xib in Resources */ = {isa = PBXBuildFile; fileRef = 85D8A076128EFB00000BA8A4 /* Content_iPad.xib */; };
		85D8A07F128EFB00000BA8A4 /* DetailViewController.xib in Resources */ = {isa = PBXBuildFile; fileRef = 85D8A078128EFB00000BA8A4 /* DetailViewController.xib */; };
		85D8A080128EFB00000BA8A4 /* Content_iPhone.xib in Resources */ = {isa = PBXBuildFile; fileRef = 85D8A07B128EFB00000BA8A4 /* Content_iPhone.xib */; };
		85D8A092128EFB5A000BA8A4 /* KeyboardAccessory.xcdatamodel in Sources */ = {isa = PBXBuildFile; fileRef = 85D8A091128EFB5A000BA8A4 /* KeyboardAccessory.xcdatamodel */; };
		85D8A095128EFC96000BA8A4 /* Note.m in Sources */ = {isa = PBXBuildFile; fileRef = 85D8A094128EFC96000BA8A4 /* Note.m */; };
		85D8A10C128EFF32000BA8A4 /* CoreData.framework in Frameworks */ = {isa = PBXBuildFile; fileRef = 85D8A10B128EFF32000BA8A4 /* CoreData.framework */; };
		85F671AF12A42CEC0061FE23 /* ContentController_iPhone.m in Sources */ = {isa = PBXBuildFile; fileRef = 85F671AE12A42CEC0061FE23 /* ContentController_iPhone.m */; };
/* End PBXBuildFile section */

/* Begin PBXFileReference section */
		1D30AB110D05D00D00671497 /* Foundation.framework */ = {isa = PBXFileReference; lastKnownFileType = wrapper.framework; name = Foundation.framework; path = System/Library/Frameworks/Foundation.framework; sourceTree = SDKROOT; };
		1D6058910D05DD3D006BFB54 /* KeyboardAccessory.app */ = {isa = PBXFileReference; explicitFileType = wrapper.application; includeInIndex = 0; path = KeyboardAccessory.app; sourceTree = BUILT_PRODUCTS_DIR; };
		1DF5F4DF0D08C38300B7A737 /* UIKit.framework */ = {isa = PBXFileReference; lastKnownFileType = wrapper.framework; name = UIKit.framework; path = System/Library/Frameworks/UIKit.framework; sourceTree = SDKROOT; };
		288765FC0DF74451002DB57D /* CoreGraphics.framework */ = {isa = PBXFileReference; lastKnownFileType = wrapper.framework; name = CoreGraphics.framework; path = System/Library/Frameworks/CoreGraphics.framework; sourceTree = SDKROOT; };
		2893B149114EFD4D0094356F /* ViewController.h */ = {isa = PBXFileReference; fileEncoding = 4; lastKnownFileType = sourcecode.c.h; path = ViewController.h; sourceTree = "<group>"; };
		2893B14A114EFD4D0094356F /* ViewController.m */ = {isa = PBXFileReference; fileEncoding = 4; lastKnownFileType = sourcecode.c.objc; path = ViewController.m; sourceTree = "<group>"; };
		2893B14E114EFD5B0094356F /* ReadMe.txt */ = {isa = PBXFileReference; fileEncoding = 4; lastKnownFileType = text; path = ReadMe.txt; sourceTree = "<group>"; };
		29B97316FDCFA39411CA2CEA /* main.m */ = {isa = PBXFileReference; fileEncoding = 4; lastKnownFileType = sourcecode.c.objc; path = main.m; sourceTree = "<group>"; };
		32CA4F630368D1EE00C91783 /* KeyboardAccessory_Prefix.pch */ = {isa = PBXFileReference; fileEncoding = 4; lastKnownFileType = sourcecode.c.h; path = KeyboardAccessory_Prefix.pch; sourceTree = "<group>"; };
		53D3DE8D11763723002FCB6E /* en */ = {isa = PBXFileReference; lastKnownFileType = file.xib; name = en; path = en.lproj/AccessoryView.xib; sourceTree = "<group>"; };
		53D3DE8F11763723002FCB6E /* en */ = {isa = PBXFileReference; lastKnownFileType = file.xib; name = en; path = en.lproj/MainWindow.xib; sourceTree = "<group>"; };
		53D3DE9111763723002FCB6E /* en */ = {isa = PBXFileReference; lastKnownFileType = file.xib; name = en; path = en.lproj/ViewController.xib; sourceTree = "<group>"; };
		8552A8B112B44D1000263617 /* de */ = {isa = PBXFileReference; lastKnownFileType = file.xib; name = de; path = de.lproj/MainWindow.xib; sourceTree = "<group>"; };
		8552A8BA12B44D1800263617 /* de */ = {isa = PBXFileReference; lastKnownFileType = file.xib; name = de; path = de.lproj/NoteListViewController.xib; sourceTree = "<group>"; };
		8552A8BB12B44D1800263617 /* de */ = {isa = PBXFileReference; lastKnownFileType = file.xib; name = de; path = de.lproj/ViewController.xib; sourceTree = "<group>"; };
		8552A8BC12B44D2100263617 /* de */ = {isa = PBXFileReference; lastKnownFileType = file.xib; name = de; path = de.lproj/AccessoryView.xib; sourceTree = "<group>"; };
		8552A8D912B44D9A00263617 /* de */ = {isa = PBXFileReference; lastKnownFileType = file.xib; name = de; path = de.lproj/iPad/de.lproj/Content_iPad.xib; sourceTree = SOURCE_ROOT; };
		8552A8DA12B44D9A00263617 /* de */ = {isa = PBXFileReference; lastKnownFileType = file.xib; name = de; path = de.lproj/iPad/de.lproj/DetailViewController.xib; sourceTree = SOURCE_ROOT; };
		8552A8DB12B44DA600263617 /* de */ = {isa = PBXFileReference; lastKnownFileType = file.xib; name = de; path = de.lproj/iPhone/de.lproj/Content_iPhone.xib; sourceTree = SOURCE_ROOT; };
		856FACBF128E0D3D00BF9257 /* Default-Landscape.png */ = {isa = PBXFileReference; lastKnownFileType = image.png; path = "Default-Landscape.png"; sourceTree = "<group>"; };
		856FACC0128E0D3D00BF9257 /* Default-Portrait.png */ = {isa = PBXFileReference; lastKnownFileType = image.png; path = "Default-Portrait.png"; sourceTree = "<group>"; };
		856FACC1128E0D3D00BF9257 /* Default.png */ = {isa = PBXFileReference; lastKnownFileType = image.png; path = Default.png; sourceTree = "<group>"; };
		856FACC2128E0D3D00BF9257 /* Default@2x.png */ = {isa = PBXFileReference; lastKnownFileType = image.png; path = "Default@2x.png"; sourceTree = "<group>"; };
		856FACC3128E0D3D00BF9257 /* Icon-72.png */ = {isa = PBXFileReference; lastKnownFileType = image.png; path = "Icon-72.png"; sourceTree = "<group>"; };
		856FACC4128E0D3D00BF9257 /* Icon-Small-50.png */ = {isa = PBXFileReference; lastKnownFileType = image.png; path = "Icon-Small-50.png"; sourceTree = "<group>"; };
		856FACC5128E0D3D00BF9257 /* Icon-Small.png */ = {isa = PBXFileReference; lastKnownFileType = image.png; path = "Icon-Small.png"; sourceTree = "<group>"; };
		856FACC6128E0D3D00BF9257 /* Icon-Small@2x.png */ = {isa = PBXFileReference; lastKnownFileType = image.png; path = "Icon-Small@2x.png"; sourceTree = "<group>"; };
		856FACC7128E0D3D00BF9257 /* Icon.png */ = {isa = PBXFileReference; lastKnownFileType = image.png; path = Icon.png; sourceTree = "<group>"; };
		856FACC8128E0D3D00BF9257 /* Icon@2x.png */ = {isa = PBXFileReference; lastKnownFileType = image.png; path = "Icon@2x.png"; sourceTree = "<group>"; };
		856FACC9128E0D3D00BF9257 /* iTunesArtwork */ = {isa = PBXFileReference; lastKnownFileType = file; path = iTunesArtwork; sourceTree = "<group>"; };
		856FACE0128E0DD900BF9257 /* Settings.bundle */ = {isa = PBXFileReference; lastKnownFileType = "wrapper.plug-in"; path = Settings.bundle; sourceTree = "<group>"; };
		857AC23312A418DC003CBD09 /* DetailViewController_iPhone.h */ = {isa = PBXFileReference; fileEncoding = 4; lastKnownFileType = sourcecode.c.h; path = DetailViewController_iPhone.h; sourceTree = "<group>"; };
		857AC23412A418DC003CBD09 /* DetailViewController_iPhone.m */ = {isa = PBXFileReference; fileEncoding = 4; lastKnownFileType = sourcecode.c.objc; path = DetailViewController_iPhone.m; sourceTree = "<group>"; };
		859711C5129069DC006D5710 /* DetailViewController_iPad.h */ = {isa = PBXFileReference; fileEncoding = 4; lastKnownFileType = sourcecode.c.h; path = DetailViewController_iPad.h; sourceTree = "<group>"; };
		859711C6129069DC006D5710 /* DetailViewController_iPad.m */ = {isa = PBXFileReference; fileEncoding = 4; lastKnownFileType = sourcecode.c.objc; path = DetailViewController_iPad.m; sourceTree = "<group>"; };
		859711C8129069E6006D5710 /* DetailViewController.h */ = {isa = PBXFileReference; fileEncoding = 4; lastKnownFileType = sourcecode.c.h; path = DetailViewController.h; sourceTree = "<group>"; };
		859711C9129069E6006D5710 /* DetailViewController.m */ = {isa = PBXFileReference; fileEncoding = 4; lastKnownFileType = sourcecode.c.objc; path = DetailViewController.m; sourceTree = "<group>"; };
		85A3497E12B44AB1009CDD7C /* en */ = {isa = PBXFileReference; fileEncoding = 4; lastKnownFileType = text.plist.strings; name = en; path = en.lproj/Localizable.strings; sourceTree = "<group>"; };
		85A3498012B44AC1009CDD7C /* de */ = {isa = PBXFileReference; lastKnownFileType = text.plist.strings; name = de; path = de.lproj/Localizable.strings; sourceTree = "<group>"; };
		85B49D63128E16670037647E /* AppDelegate.h */ = {isa = PBXFileReference; fileEncoding = 4; lastKnownFileType = sourcecode.c.h; path = AppDelegate.h; sourceTree = "<group>"; };
		85B49D64128E16670037647E /* AppDelegate.m */ = {isa = PBXFileReference; fileEncoding = 4; lastKnownFileType = sourcecode.c.objc; path = AppDelegate.m; sourceTree = "<group>"; };
		85D4D9C3128F6D8C0093DF2A /* Info.plist */ = {isa = PBXFileReference; fileEncoding = 4; lastKnownFileType = text.plist.xml; path = Info.plist; sourceTree = "<group>"; };
		85D4D9C6128F6DA60093DF2A /* en */ = {isa = PBXFileReference; lastKnownFileType = file.xib; name = en; path = en.lproj/NoteListViewController.xib; sourceTree = "<group>"; };
		85D4D9C9128F6E1B0093DF2A /* ContentController_iPad.h */ = {isa = PBXFileReference; fileEncoding = 4; lastKnownFileType = sourcecode.c.h; path = ContentController_iPad.h; sourceTree = "<group>"; };
		85D4D9CA128F6E1B0093DF2A /* ContentController_iPad.m */ = {isa = PBXFileReference; fileEncoding = 4; lastKnownFileType = sourcecode.c.objc; path = ContentController_iPad.m; sourceTree = "<group>"; };
		85D4D9D0128F6E1B0093DF2A /* NoteListViewController.h */ = {isa = PBXFileReference; fileEncoding = 4; lastKnownFileType = sourcecode.c.h; path = NoteListViewController.h; sourceTree = "<group>"; };
		85D4D9D1128F6E1B0093DF2A /* NoteListViewController.m */ = {isa = PBXFileReference; fileEncoding = 4; lastKnownFileType = sourcecode.c.objc; path = NoteListViewController.m; sourceTree = "<group>"; };
		85D4D9FB128F76D20093DF2A /* ContentController.h */ = {isa = PBXFileReference; fileEncoding = 4; lastKnownFileType = sourcecode.c.h; path = ContentController.h; sourceTree = "<group>"; };
		85D4D9FC128F76D20093DF2A /* ContentController.m */ = {isa = PBXFileReference; fileEncoding = 4; lastKnownFileType = sourcecode.c.objc; path = ContentController.m; sourceTree = "<group>"; };
		85D7C92712B58F0700AD1373 /* en */ = {isa = PBXFileReference; lastKnownFileType = file.xib; name = en; path = en.lproj/Detail_iPhone.xib; sourceTree = "<group>"; };
		85D7C92912B58F1600AD1373 /* de */ = {isa = PBXFileReference; lastKnownFileType = file.xib; name = de; path = de.lproj/iPhone/de.lproj/Detail_iPhone.xib; sourceTree = SOURCE_ROOT; };
		85D8A077128EFB00000BA8A4 /* en */ = {isa = PBXFileReference; lastKnownFileType = file.xib; name = en; path = en.lproj/Content_iPad.xib; sourceTree = "<group>"; };
		85D8A079128EFB00000BA8A4 /* en */ = {isa = PBXFileReference; lastKnownFileType = file.xib; name = en; path = en.lproj/DetailViewController.xib; sourceTree = "<group>"; };
		85D8A07C128EFB00000BA8A4 /* en */ = {isa = PBXFileReference; lastKnownFileType = file.xib; name = en; path = en.lproj/Content_iPhone.xib; sourceTree = "<group>"; };
		85D8A091128EFB5A000BA8A4 /* KeyboardAccessory.xcdatamodel */ = {isa = PBXFileReference; fileEncoding = 4; lastKnownFileType = wrapper.xcdatamodel; path = KeyboardAccessory.xcdatamodel; sourceTree = "<group>"; };
		85D8A093128EFC96000BA8A4 /* Note.h */ = {isa = PBXFileReference; fileEncoding = 4; lastKnownFileType = sourcecode.c.h; name = Note.h; path = Classes/Note.h; sourceTree = "<group>"; };
		85D8A094128EFC96000BA8A4 /* Note.m */ = {isa = PBXFileReference; fileEncoding = 4; lastKnownFileType = sourcecode.c.objc; name = Note.m; path = Classes/Note.m; sourceTree = "<group>"; };
		85D8A10B128EFF32000BA8A4 /* CoreData.framework */ = {isa = PBXFileReference; lastKnownFileType = wrapper.framework; name = CoreData.framework; path = System/Library/Frameworks/CoreData.framework; sourceTree = SDKROOT; };
		85F671AD12A42CEC0061FE23 /* ContentController_iPhone.h */ = {isa = PBXFileReference; fileEncoding = 4; lastKnownFileType = sourcecode.c.h; path = ContentController_iPhone.h; sourceTree = "<group>"; };
		85F671AE12A42CEC0061FE23 /* ContentController_iPhone.m */ = {isa = PBXFileReference; fileEncoding = 4; lastKnownFileType = sourcecode.c.objc; path = ContentController_iPhone.m; sourceTree = "<group>"; };
/* End PBXFileReference section */

/* Begin PBXFrameworksBuildPhase section */
		1D60588F0D05DD3D006BFB54 /* Frameworks */ = {
			isa = PBXFrameworksBuildPhase;
			buildActionMask = 2147483647;
			files = (
				1D60589F0D05DD5A006BFB54 /* Foundation.framework in Frameworks */,
				1DF5F4E00D08C38300B7A737 /* UIKit.framework in Frameworks */,
				288765FD0DF74451002DB57D /* CoreGraphics.framework in Frameworks */,
				85D8A10C128EFF32000BA8A4 /* CoreData.framework in Frameworks */,
			);
			runOnlyForDeploymentPostprocessing = 0;
		};
/* End PBXFrameworksBuildPhase section */

/* Begin PBXGroup section */
		080E96DDFE201D6D7F000001 /* Classes */ = {
			isa = PBXGroup;
			children = (
				85D4D9FB128F76D20093DF2A /* ContentController.h */,
				85D4D9FC128F76D20093DF2A /* ContentController.m */,
				859711C8129069E6006D5710 /* DetailViewController.h */,
				859711C9129069E6006D5710 /* DetailViewController.m */,
				85D4D9C8128F6E1B0093DF2A /* iPad */,
				85D4D9CD128F6E1B0093DF2A /* iPhone */,
				85D4D9D0128F6E1B0093DF2A /* NoteListViewController.h */,
				85D4D9D1128F6E1B0093DF2A /* NoteListViewController.m */,
				85B49D63128E16670037647E /* AppDelegate.h */,
				85B49D64128E16670037647E /* AppDelegate.m */,
				2893B149114EFD4D0094356F /* ViewController.h */,
				2893B14A114EFD4D0094356F /* ViewController.m */,
			);
			path = Classes;
			sourceTree = "<group>";
		};
		19C28FACFE9D520D11CA2CBB /* Products */ = {
			isa = PBXGroup;
			children = (
				1D6058910D05DD3D006BFB54 /* KeyboardAccessory.app */,
			);
			name = Products;
			sourceTree = "<group>";
		};
		29B97314FDCFA39411CA2CEA /* CustomTemplate */ = {
			isa = PBXGroup;
			children = (
				2893B14E114EFD5B0094356F /* ReadMe.txt */,
				85D8A083128EFB1B000BA8A4 /* Model and Model Classes */,
				080E96DDFE201D6D7F000001 /* Classes */,
				29B97315FDCFA39411CA2CEA /* Other Sources */,
				29B97317FDCFA39411CA2CEA /* Resources */,
				29B97323FDCFA39411CA2CEA /* Frameworks */,
				19C28FACFE9D520D11CA2CBB /* Products */,
			);
			name = CustomTemplate;
			sourceTree = "<group>";
		};
		29B97315FDCFA39411CA2CEA /* Other Sources */ = {
			isa = PBXGroup;
			children = (
				32CA4F630368D1EE00C91783 /* KeyboardAccessory_Prefix.pch */,
				29B97316FDCFA39411CA2CEA /* main.m */,
			);
			name = "Other Sources";
			sourceTree = "<group>";
		};
		29B97317FDCFA39411CA2CEA /* Resources */ = {
			isa = PBXGroup;
			children = (
				85A3497D12B44AB1009CDD7C /* Localizable.strings */,
				85D4D9C3128F6D8C0093DF2A /* Info.plist */,
				85D4D9C5128F6DA60093DF2A /* NoteListViewController.xib */,
				85D8A075128EFB00000BA8A4 /* iPad */,
				85D8A07A128EFB00000BA8A4 /* iPhone */,
				856FACE0128E0DD900BF9257 /* Settings.bundle */,
				53D3DE8C11763723002FCB6E /* AccessoryView.xib */,
				53D3DE8E11763723002FCB6E /* MainWindow.xib */,
				53D3DE9011763723002FCB6E /* ViewController.xib */,
				856FACBE128E0D3D00BF9257 /* Images */,
			);
			name = Resources;
			sourceTree = "<group>";
		};
		29B97323FDCFA39411CA2CEA /* Frameworks */ = {
			isa = PBXGroup;
			children = (
				1DF5F4DF0D08C38300B7A737 /* UIKit.framework */,
				1D30AB110D05D00D00671497 /* Foundation.framework */,
				288765FC0DF74451002DB57D /* CoreGraphics.framework */,
				85D8A10B128EFF32000BA8A4 /* CoreData.framework */,
			);
			name = Frameworks;
			sourceTree = "<group>";
		};
		856FACBE128E0D3D00BF9257 /* Images */ = {
			isa = PBXGroup;
			children = (
				856FACBF128E0D3D00BF9257 /* Default-Landscape.png */,
				856FACC0128E0D3D00BF9257 /* Default-Portrait.png */,
				856FACC1128E0D3D00BF9257 /* Default.png */,
				856FACC2128E0D3D00BF9257 /* Default@2x.png */,
				856FACC3128E0D3D00BF9257 /* Icon-72.png */,
				856FACC4128E0D3D00BF9257 /* Icon-Small-50.png */,
				856FACC5128E0D3D00BF9257 /* Icon-Small.png */,
				856FACC6128E0D3D00BF9257 /* Icon-Small@2x.png */,
				856FACC7128E0D3D00BF9257 /* Icon.png */,
				856FACC8128E0D3D00BF9257 /* Icon@2x.png */,
				856FACC9128E0D3D00BF9257 /* iTunesArtwork */,
			);
			path = Images;
			sourceTree = "<group>";
		};
		85D4D9C8128F6E1B0093DF2A /* iPad */ = {
			isa = PBXGroup;
			children = (
				85D4D9C9128F6E1B0093DF2A /* ContentController_iPad.h */,
				85D4D9CA128F6E1B0093DF2A /* ContentController_iPad.m */,
				859711C5129069DC006D5710 /* DetailViewController_iPad.h */,
				859711C6129069DC006D5710 /* DetailViewController_iPad.m */,
			);
			path = iPad;
			sourceTree = "<group>";
		};
		85D4D9CD128F6E1B0093DF2A /* iPhone */ = {
			isa = PBXGroup;
			children = (
				85F671AD12A42CEC0061FE23 /* ContentController_iPhone.h */,
				85F671AE12A42CEC0061FE23 /* ContentController_iPhone.m */,
				857AC23312A418DC003CBD09 /* DetailViewController_iPhone.h */,
				857AC23412A418DC003CBD09 /* DetailViewController_iPhone.m */,
			);
			path = iPhone;
			sourceTree = "<group>";
		};
		85D8A075128EFB00000BA8A4 /* iPad */ = {
			isa = PBXGroup;
			children = (
				85D8A076128EFB00000BA8A4 /* Content_iPad.xib */,
				85D8A078128EFB00000BA8A4 /* DetailViewController.xib */,
			);
			name = iPad;
			path = en.lproj/iPad;
			sourceTree = "<group>";
		};
		85D8A07A128EFB00000BA8A4 /* iPhone */ = {
			isa = PBXGroup;
			children = (
				85D7C92612B58F0700AD1373 /* Detail_iPhone.xib */,
				85D8A07B128EFB00000BA8A4 /* Content_iPhone.xib */,
			);
			name = iPhone;
			path = en.lproj/iPhone;
			sourceTree = "<group>";
		};
		85D8A083128EFB1B000BA8A4 /* Model and Model Classes */ = {
			isa = PBXGroup;
			children = (
				85D8A093128EFC96000BA8A4 /* Note.h */,
				85D8A094128EFC96000BA8A4 /* Note.m */,
				85D8A091128EFB5A000BA8A4 /* KeyboardAccessory.xcdatamodel */,
			);
			name = "Model and Model Classes";
			sourceTree = "<group>";
		};
/* End PBXGroup section */

/* Begin PBXNativeTarget section */
		1D6058900D05DD3D006BFB54 /* KeyboardAccessory */ = {
			isa = PBXNativeTarget;
			buildConfigurationList = 1D6058960D05DD3E006BFB54 /* Build configuration list for PBXNativeTarget "KeyboardAccessory" */;
			buildPhases = (
				1D60588D0D05DD3D006BFB54 /* Resources */,
				1D60588E0D05DD3D006BFB54 /* Sources */,
				1D60588F0D05DD3D006BFB54 /* Frameworks */,
			);
			buildRules = (
			);
			dependencies = (
			);
			name = KeyboardAccessory;
			productName = KeyboardAccessory;
			productReference = 1D6058910D05DD3D006BFB54 /* KeyboardAccessory.app */;
			productType = "com.apple.product-type.application";
		};
/* End PBXNativeTarget section */

/* Begin PBXProject section */
		29B97313FDCFA39411CA2CEA /* Project object */ = {
			isa = PBXProject;
			buildConfigurationList = C01FCF4E08A954540054247B /* Build configuration list for PBXProject "KeyboardAccessory" */;
			compatibilityVersion = "Xcode 3.1";
			developmentRegion = English;
			hasScannedForEncodings = 1;
			knownRegions = (
				English,
				Japanese,
				French,
				German,
				en,
				de,
			);
			mainGroup = 29B97314FDCFA39411CA2CEA /* CustomTemplate */;
			projectDirPath = "";
			projectRoot = "";
			targets = (
				1D6058900D05DD3D006BFB54 /* KeyboardAccessory */,
			);
		};
/* End PBXProject section */

/* Begin PBXResourcesBuildPhase section */
		1D60588D0D05DD3D006BFB54 /* Resources */ = {
			isa = PBXResourcesBuildPhase;
			buildActionMask = 2147483647;
			files = (
				2893B14F114EFD5B0094356F /* ReadMe.txt in Resources */,
				53D3DE9211763723002FCB6E /* AccessoryView.xib in Resources */,
				53D3DE9311763723002FCB6E /* MainWindow.xib in Resources */,
				53D3DE9411763723002FCB6E /* ViewController.xib in Resources */,
				856FACCA128E0D3D00BF9257 /* Default-Landscape.png in Resources */,
				856FACCB128E0D3D00BF9257 /* Default-Portrait.png in Resources */,
				856FACCC128E0D3D00BF9257 /* Default.png in Resources */,
				856FACCD128E0D3D00BF9257 /* Default@2x.png in Resources */,
				856FACCE128E0D3D00BF9257 /* Icon-72.png in Resources */,
				856FACCF128E0D3D00BF9257 /* Icon-Small-50.png in Resources */,
				856FACD0128E0D3D00BF9257 /* Icon-Small.png in Resources */,
				856FACD1128E0D3D00BF9257 /* Icon-Small@2x.png in Resources */,
				856FACD2128E0D3D00BF9257 /* Icon.png in Resources */,
				856FACD3128E0D3D00BF9257 /* Icon@2x.png in Resources */,
				856FACD4128E0D3D00BF9257 /* iTunesArtwork in Resources */,
				856FACE1128E0DD900BF9257 /* Settings.bundle in Resources */,
				85D8A07E128EFB00000BA8A4 /* Content_iPad.xib in Resources */,
				85D8A07F128EFB00000BA8A4 /* DetailViewController.xib in Resources */,
				85D8A080128EFB00000BA8A4 /* Content_iPhone.xib in Resources */,
				85D4D9C7128F6DA60093DF2A /* NoteListViewController.xib in Resources */,
				85A3497F12B44AB1009CDD7C /* Localizable.strings in Resources */,
				85D7C92812B58F0700AD1373 /* Detail_iPhone.xib in Resources */,
			);
			runOnlyForDeploymentPostprocessing = 0;
		};
/* End PBXResourcesBuildPhase section */

/* Begin PBXSourcesBuildPhase section */
		1D60588E0D05DD3D006BFB54 /* Sources */ = {
			isa = PBXSourcesBuildPhase;
			buildActionMask = 2147483647;
			files = (
				1D60589B0D05DD56006BFB54 /* main.m in Sources */,
				2893B14B114EFD4D0094356F /* ViewController.m in Sources */,
				85B49D65128E16670037647E /* AppDelegate.m in Sources */,
				85D8A092128EFB5A000BA8A4 /* KeyboardAccessory.xcdatamodel in Sources */,
				85D8A095128EFC96000BA8A4 /* Note.m in Sources */,
				85D4D9D2128F6E1B0093DF2A /* ContentController_iPad.m in Sources */,
				85D4D9D5128F6E1B0093DF2A /* NoteListViewController.m in Sources */,
				85D4D9FD128F76D20093DF2A /* ContentController.m in Sources */,
				859711C7129069DC006D5710 /* DetailViewController_iPad.m in Sources */,
				859711CA129069E6006D5710 /* DetailViewController.m in Sources */,
				857AC23512A418DC003CBD09 /* DetailViewController_iPhone.m in Sources */,
				85F671AF12A42CEC0061FE23 /* ContentController_iPhone.m in Sources */,
			);
			runOnlyForDeploymentPostprocessing = 0;
		};
/* End PBXSourcesBuildPhase section */

/* Begin PBXVariantGroup section */
		53D3DE8C11763723002FCB6E /* AccessoryView.xib */ = {
			isa = PBXVariantGroup;
			children = (
				53D3DE8D11763723002FCB6E /* en */,
				8552A8BC12B44D2100263617 /* de */,
			);
			name = AccessoryView.xib;
			sourceTree = "<group>";
		};
		53D3DE8E11763723002FCB6E /* MainWindow.xib */ = {
			isa = PBXVariantGroup;
			children = (
				53D3DE8F11763723002FCB6E /* en */,
				8552A8B112B44D1000263617 /* de */,
			);
			name = MainWindow.xib;
			sourceTree = "<group>";
		};
		53D3DE9011763723002FCB6E /* ViewController.xib */ = {
			isa = PBXVariantGroup;
			children = (
				53D3DE9111763723002FCB6E /* en */,
				8552A8BB12B44D1800263617 /* de */,
			);
			name = ViewController.xib;
			sourceTree = "<group>";
		};
		85A3497D12B44AB1009CDD7C /* Localizable.strings */ = {
			isa = PBXVariantGroup;
			children = (
				85A3497E12B44AB1009CDD7C /* en */,
				85A3498012B44AC1009CDD7C /* de */,
			);
			name = Localizable.strings;
			sourceTree = "<group>";
		};
		85D4D9C5128F6DA60093DF2A /* NoteListViewController.xib */ = {
			isa = PBXVariantGroup;
			children = (
				85D4D9C6128F6DA60093DF2A /* en */,
				8552A8BA12B44D1800263617 /* de */,
			);
			name = NoteListViewController.xib;
			sourceTree = "<group>";
		};
		85D7C92612B58F0700AD1373 /* Detail_iPhone.xib */ = {
			isa = PBXVariantGroup;
			children = (
				85D7C92712B58F0700AD1373 /* en */,
				85D7C92912B58F1600AD1373 /* de */,
			);
			name = Detail_iPhone.xib;
			sourceTree = "<group>";
		};
		85D8A076128EFB00000BA8A4 /* Content_iPad.xib */ = {
			isa = PBXVariantGroup;
			children = (
				85D8A077128EFB00000BA8A4 /* en */,
				8552A8D912B44D9A00263617 /* de */,
			);
			name = Content_iPad.xib;
			sourceTree = "<group>";
		};
		85D8A078128EFB00000BA8A4 /* DetailViewController.xib */ = {
			isa = PBXVariantGroup;
			children = (
				85D8A079128EFB00000BA8A4 /* en */,
				8552A8DA12B44D9A00263617 /* de */,
			);
			name = DetailViewController.xib;
			sourceTree = "<group>";
		};
		85D8A07B128EFB00000BA8A4 /* Content_iPhone.xib */ = {
			isa = PBXVariantGroup;
			children = (
				85D8A07C128EFB00000BA8A4 /* en */,
				8552A8DB12B44DA600263617 /* de */,
			);
			name = Content_iPhone.xib;
			sourceTree = "<group>";
		};
/* End PBXVariantGroup section */

/* Begin XCBuildConfiguration section */
		1D6058940D05DD3E006BFB54 /* Debug */ = {
			isa = XCBuildConfiguration;
			buildSettings = {
				ALWAYS_SEARCH_USER_PATHS = NO;
				COPY_PHASE_STRIP = NO;
				GCC_DYNAMIC_NO_PIC = NO;
				GCC_OPTIMIZATION_LEVEL = 0;
				GCC_PRECOMPILE_PREFIX_HEADER = YES;
				GCC_PREFIX_HEADER = KeyboardAccessory_Prefix.pch;
				INFOPLIST_FILE = Info.plist;
				PRODUCT_NAME = KeyboardAccessory;
			};
			name = Debug;
		};
		1D6058950D05DD3E006BFB54 /* Release */ = {
			isa = XCBuildConfiguration;
			buildSettings = {
				ALWAYS_SEARCH_USER_PATHS = NO;
				COPY_PHASE_STRIP = YES;
				GCC_PRECOMPILE_PREFIX_HEADER = YES;
				GCC_PREFIX_HEADER = KeyboardAccessory_Prefix.pch;
				INFOPLIST_FILE = Info.plist;
				PRODUCT_NAME = KeyboardAccessory;
				VALIDATE_PRODUCT = YES;
			};
			name = Release;
		};
		C01FCF4F08A954540054247B /* Debug */ = {
			isa = XCBuildConfiguration;
			buildSettings = {
				ARCHS = "$(ARCHS_STANDARD_32_BIT)";
				"CODE_SIGN_IDENTITY[sdk=iphoneos*]" = "iPhone Developer";
				GCC_C_LANGUAGE_STANDARD = c99;
				GCC_WARN_ABOUT_RETURN_TYPE = YES;
				GCC_WARN_UNUSED_VARIABLE = YES;
				IPHONEOS_DEPLOYMENT_TARGET = 3.2;
				PREBINDING = NO;
				SDKROOT = iphoneos;
				TARGETED_DEVICE_FAMILY = "1,2";
			};
			name = Debug;
		};
		C01FCF5008A954540054247B /* Release */ = {
			isa = XCBuildConfiguration;
			buildSettings = {
				ARCHS = "$(ARCHS_STANDARD_32_BIT)";
				"CODE_SIGN_IDENTITY[sdk=iphoneos*]" = "iPhone Developer";
				GCC_C_LANGUAGE_STANDARD = c99;
				GCC_WARN_ABOUT_RETURN_TYPE = YES;
				GCC_WARN_UNUSED_VARIABLE = YES;
				IPHONEOS_DEPLOYMENT_TARGET = 3.2;
				OTHER_CFLAGS = "-DNS_BLOCK_ASSERTIONS=1";
				PREBINDING = NO;
				SDKROOT = iphoneos;
				TARGETED_DEVICE_FAMILY = "1,2";
			};
			name = Release;
		};
/* End XCBuildConfiguration section */

/* Begin XCConfigurationList section */
		1D6058960D05DD3E006BFB54 /* Build configuration list for PBXNativeTarget "KeyboardAccessory" */ = {
			isa = XCConfigurationList;
			buildConfigurations = (
				1D6058940D05DD3E006BFB54 /* Debug */,
				1D6058950D05DD3E006BFB54 /* Release */,
			);
			defaultConfigurationIsVisible = 0;
			defaultConfigurationName = Release;
		};
		C01FCF4E08A954540054247B /* Build configuration list for PBXProject "KeyboardAccessory" */ = {
			isa = XCConfigurationList;
			buildConfigurations = (
				C01FCF4F08A954540054247B /* Debug */,
				C01FCF5008A954540054247B /* Release */,
			);
			defaultConfigurationIsVisible = 0;
			defaultConfigurationName = Release;
		};
/* End XCConfigurationList section */
	};
	rootObject = 29B97313FDCFA39411CA2CEA /* Project object */;
}
